// !$*UTF8*$!
{
	archiveVersion = 1;
	classes = {
	};
	objectVersion = 55;
	objects = {

/* Begin PBXBuildFile section */
		B11EAB172B9BA95500EFA687 /* faluzbanckiosApp.swift in Sources */ = {isa = PBXBuildFile; fileRef = B11EAB162B9BA95500EFA687 /* faluzbanckiosApp.swift */; };
		B11EAB192B9BA95500EFA687 /* ContentView.swift in Sources */ = {isa = PBXBuildFile; fileRef = B11EAB182B9BA95500EFA687 /* ContentView.swift */; };
		B11EAB1B2B9BA95900EFA687 /* Assets.xcassets in Resources */ = {isa = PBXBuildFile; fileRef = B11EAB1A2B9BA95900EFA687 /* Assets.xcassets */; };
		B11EAB1E2B9BA95900EFA687 /* Preview Assets.xcassets in Resources */ = {isa = PBXBuildFile; fileRef = B11EAB1D2B9BA95900EFA687 /* Preview Assets.xcassets */; };
		B11EAB282B9BA95900EFA687 /* faluzbanckiosTests.swift in Sources */ = {isa = PBXBuildFile; fileRef = B11EAB272B9BA95900EFA687 /* faluzbanckiosTests.swift */; };
		B11EAB322B9BA95900EFA687 /* faluzbanckiosUITests.swift in Sources */ = {isa = PBXBuildFile; fileRef = B11EAB312B9BA95900EFA687 /* faluzbanckiosUITests.swift */; };
		B11EAB342B9BA95900EFA687 /* faluzbanckiosUITestsLaunchTests.swift in Sources */ = {isa = PBXBuildFile; fileRef = B11EAB332B9BA95900EFA687 /* faluzbanckiosUITestsLaunchTests.swift */; };
/* End PBXBuildFile section */

/* Begin PBXContainerItemProxy section */
		B11EAB242B9BA95900EFA687 /* PBXContainerItemProxy */ = {
			isa = PBXContainerItemProxy;
			containerPortal = B11EAB0B2B9BA95500EFA687 /* Project object */;
			proxyType = 1;
			remoteGlobalIDString = B11EAB122B9BA95500EFA687;
			remoteInfo = faluzbanckios;
		};
		B11EAB2E2B9BA95900EFA687 /* PBXContainerItemProxy */ = {
			isa = PBXContainerItemProxy;
			containerPortal = B11EAB0B2B9BA95500EFA687 /* Project object */;
			proxyType = 1;
			remoteGlobalIDString = B11EAB122B9BA95500EFA687;
			remoteInfo = faluzbanckios;
		};
/* End PBXContainerItemProxy section */

/* Begin PBXFileReference section */
		B11EAB132B9BA95500EFA687 /* faluzbanckios.app */ = {isa = PBXFileReference; explicitFileType = wrapper.application; includeInIndex = 0; path = faluzbanckios.app; sourceTree = BUILT_PRODUCTS_DIR; };
		B11EAB162B9BA95500EFA687 /* faluzbanckiosApp.swift */ = {isa = PBXFileReference; lastKnownFileType = sourcecode.swift; path = faluzbanckiosApp.swift; sourceTree = "<group>"; };
		B11EAB182B9BA95500EFA687 /* ContentView.swift */ = {isa = PBXFileReference; lastKnownFileType = sourcecode.swift; path = ContentView.swift; sourceTree = "<group>"; };
		B11EAB1A2B9BA95900EFA687 /* Assets.xcassets */ = {isa = PBXFileReference; lastKnownFileType = folder.assetcatalog; path = Assets.xcassets; sourceTree = "<group>"; };
		B11EAB1D2B9BA95900EFA687 /* Preview Assets.xcassets */ = {isa = PBXFileReference; lastKnownFileType = folder.assetcatalog; path = "Preview Assets.xcassets"; sourceTree = "<group>"; };
		B11EAB232B9BA95900EFA687 /* faluzbanckiosTests.xctest */ = {isa = PBXFileReference; explicitFileType = wrapper.cfbundle; includeInIndex = 0; path = faluzbanckiosTests.xctest; sourceTree = BUILT_PRODUCTS_DIR; };
		B11EAB272B9BA95900EFA687 /* faluzbanckiosTests.swift */ = {isa = PBXFileReference; lastKnownFileType = sourcecode.swift; path = faluzbanckiosTests.swift; sourceTree = "<group>"; };
		B11EAB2D2B9BA95900EFA687 /* faluzbanckiosUITests.xctest */ = {isa = PBXFileReference; explicitFileType = wrapper.cfbundle; includeInIndex = 0; path = faluzbanckiosUITests.xctest; sourceTree = BUILT_PRODUCTS_DIR; };
		B11EAB312B9BA95900EFA687 /* faluzbanckiosUITests.swift */ = {isa = PBXFileReference; lastKnownFileType = sourcecode.swift; path = faluzbanckiosUITests.swift; sourceTree = "<group>"; };
		B11EAB332B9BA95900EFA687 /* faluzbanckiosUITestsLaunchTests.swift */ = {isa = PBXFileReference; lastKnownFileType = sourcecode.swift; path = faluzbanckiosUITestsLaunchTests.swift; sourceTree = "<group>"; };
/* End PBXFileReference section */

/* Begin PBXFrameworksBuildPhase section */
		B11EAB102B9BA95500EFA687 /* Frameworks */ = {
			isa = PBXFrameworksBuildPhase;
			buildActionMask = 2147483647;
			files = (
			);
			runOnlyForDeploymentPostprocessing = 0;
		};
		B11EAB202B9BA95900EFA687 /* Frameworks */ = {
			isa = PBXFrameworksBuildPhase;
			buildActionMask = 2147483647;
			files = (
			);
			runOnlyForDeploymentPostprocessing = 0;
		};
		B11EAB2A2B9BA95900EFA687 /* Frameworks */ = {
			isa = PBXFrameworksBuildPhase;
			buildActionMask = 2147483647;
			files = (
			);
			runOnlyForDeploymentPostprocessing = 0;
		};
/* End PBXFrameworksBuildPhase section */

/* Begin PBXGroup section */
		B11EAB0A2B9BA95500EFA687 = {
			isa = PBXGroup;
			children = (
				B11EAB152B9BA95500EFA687 /* faluzbanckios */,
				B11EAB262B9BA95900EFA687 /* faluzbanckiosTests */,
				B11EAB302B9BA95900EFA687 /* faluzbanckiosUITests */,
				B11EAB142B9BA95500EFA687 /* Products */,
			);
			sourceTree = "<group>";
		};
		B11EAB142B9BA95500EFA687 /* Products */ = {
			isa = PBXGroup;
			children = (
				B11EAB132B9BA95500EFA687 /* faluzbanckios.app */,
				B11EAB232B9BA95900EFA687 /* faluzbanckiosTests.xctest */,
				B11EAB2D2B9BA95900EFA687 /* faluzbanckiosUITests.xctest */,
			);
			name = Products;
			sourceTree = "<group>";
		};
		B11EAB152B9BA95500EFA687 /* faluzbanckios */ = {
			isa = PBXGroup;
			children = (
				B11EAB162B9BA95500EFA687 /* faluzbanckiosApp.swift */,
				B11EAB182B9BA95500EFA687 /* ContentView.swift */,
				B11EAB1A2B9BA95900EFA687 /* Assets.xcassets */,
				B11EAB1C2B9BA95900EFA687 /* Preview Content */,
			);
			path = faluzbanckios;
			sourceTree = "<group>";
		};
		B11EAB1C2B9BA95900EFA687 /* Preview Content */ = {
			isa = PBXGroup;
			children = (
				B11EAB1D2B9BA95900EFA687 /* Preview Assets.xcassets */,
			);
			path = "Preview Content";
			sourceTree = "<group>";
		};
		B11EAB262B9BA95900EFA687 /* faluzbanckiosTests */ = {
			isa = PBXGroup;
			children = (
				B11EAB272B9BA95900EFA687 /* faluzbanckiosTests.swift */,
			);
			path = faluzbanckiosTests;
			sourceTree = "<group>";
		};
		B11EAB302B9BA95900EFA687 /* faluzbanckiosUITests */ = {
			isa = PBXGroup;
			children = (
				B11EAB312B9BA95900EFA687 /* faluzbanckiosUITests.swift */,
				B11EAB332B9BA95900EFA687 /* faluzbanckiosUITestsLaunchTests.swift */,
			);
			path = faluzbanckiosUITests;
			sourceTree = "<group>";
		};
/* End PBXGroup section */

/* Begin PBXNativeTarget section */
		B11EAB122B9BA95500EFA687 /* faluzbanckios */ = {
			isa = PBXNativeTarget;
			buildConfigurationList = B11EAB372B9BA95900EFA687 /* Build configuration list for PBXNativeTarget "faluzbanckios" */;
			buildPhases = (
				B11EAB0F2B9BA95500EFA687 /* Sources */,
				B11EAB102B9BA95500EFA687 /* Frameworks */,
				B11EAB112B9BA95500EFA687 /* Resources */,
			);
			buildRules = (
			);
			dependencies = (
			);
			name = faluzbanckios;
			productName = faluzbanckios;
			productReference = B11EAB132B9BA95500EFA687 /* faluzbanckios.app */;
			productType = "com.apple.product-type.application";
		};
		B11EAB222B9BA95900EFA687 /* faluzbanckiosTests */ = {
			isa = PBXNativeTarget;
			buildConfigurationList = B11EAB3A2B9BA95900EFA687 /* Build configuration list for PBXNativeTarget "faluzbanckiosTests" */;
			buildPhases = (
				B11EAB1F2B9BA95900EFA687 /* Sources */,
				B11EAB202B9BA95900EFA687 /* Frameworks */,
				B11EAB212B9BA95900EFA687 /* Resources */,
			);
			buildRules = (
			);
			dependencies = (
				B11EAB252B9BA95900EFA687 /* PBXTargetDependency */,
			);
			name = faluzbanckiosTests;
			productName = faluzbanckiosTests;
			productReference = B11EAB232B9BA95900EFA687 /* faluzbanckiosTests.xctest */;
			productType = "com.apple.product-type.bundle.unit-test";
		};
		B11EAB2C2B9BA95900EFA687 /* faluzbanckiosUITests */ = {
			isa = PBXNativeTarget;
			buildConfigurationList = B11EAB3D2B9BA95900EFA687 /* Build configuration list for PBXNativeTarget "faluzbanckiosUITests" */;
			buildPhases = (
				B11EAB292B9BA95900EFA687 /* Sources */,
				B11EAB2A2B9BA95900EFA687 /* Frameworks */,
				B11EAB2B2B9BA95900EFA687 /* Resources */,
			);
			buildRules = (
			);
			dependencies = (
				B11EAB2F2B9BA95900EFA687 /* PBXTargetDependency */,
			);
			name = faluzbanckiosUITests;
			productName = faluzbanckiosUITests;
			productReference = B11EAB2D2B9BA95900EFA687 /* faluzbanckiosUITests.xctest */;
			productType = "com.apple.product-type.bundle.ui-testing";
		};
/* End PBXNativeTarget section */

/* Begin PBXProject section */
		B11EAB0B2B9BA95500EFA687 /* Project object */ = {
			isa = PBXProject;
			attributes = {
				BuildIndependentTargetsInParallel = 1;
				LastSwiftUpdateCheck = 1340;
				LastUpgradeCheck = 1340;
				TargetAttributes = {
					B11EAB122B9BA95500EFA687 = {
						CreatedOnToolsVersion = 13.4.1;
					};
					B11EAB222B9BA95900EFA687 = {
						CreatedOnToolsVersion = 13.4.1;
						TestTargetID = B11EAB122B9BA95500EFA687;
					};
					B11EAB2C2B9BA95900EFA687 = {
						CreatedOnToolsVersion = 13.4.1;
						TestTargetID = B11EAB122B9BA95500EFA687;
					};
				};
			};
			buildConfigurationList = B11EAB0E2B9BA95500EFA687 /* Build configuration list for PBXProject "faluzbanckios" */;
			compatibilityVersion = "Xcode 13.0";
			developmentRegion = en;
			hasScannedForEncodings = 0;
			knownRegions = (
				en,
				Base,
			);
			mainGroup = B11EAB0A2B9BA95500EFA687;
			productRefGroup = B11EAB142B9BA95500EFA687 /* Products */;
			projectDirPath = "";
			projectRoot = "";
			targets = (
				B11EAB122B9BA95500EFA687 /* faluzbanckios */,
				B11EAB222B9BA95900EFA687 /* faluzbanckiosTests */,
				B11EAB2C2B9BA95900EFA687 /* faluzbanckiosUITests */,
			);
		};
/* End PBXProject section */

/* Begin PBXResourcesBuildPhase section */
		B11EAB112B9BA95500EFA687 /* Resources */ = {
			isa = PBXResourcesBuildPhase;
			buildActionMask = 2147483647;
			files = (
				B11EAB1E2B9BA95900EFA687 /* Preview Assets.xcassets in Resources */,
				B11EAB1B2B9BA95900EFA687 /* Assets.xcassets in Resources */,
			);
			runOnlyForDeploymentPostprocessing = 0;
		};
		B11EAB212B9BA95900EFA687 /* Resources */ = {
			isa = PBXResourcesBuildPhase;
			buildActionMask = 2147483647;
			files = (
			);
			runOnlyForDeploymentPostprocessing = 0;
		};
		B11EAB2B2B9BA95900EFA687 /* Resources */ = {
			isa = PBXResourcesBuildPhase;
			buildActionMask = 2147483647;
			files = (
			);
			runOnlyForDeploymentPostprocessing = 0;
		};
/* End PBXResourcesBuildPhase section */

/* Begin PBXSourcesBuildPhase section */
		B11EAB0F2B9BA95500EFA687 /* Sources */ = {
			isa = PBXSourcesBuildPhase;
			buildActionMask = 2147483647;
			files = (
				B11EAB192B9BA95500EFA687 /* ContentView.swift in Sources */,
				B11EAB172B9BA95500EFA687 /* faluzbanckiosApp.swift in Sources */,
			);
			runOnlyForDeploymentPostprocessing = 0;
		};
		B11EAB1F2B9BA95900EFA687 /* Sources */ = {
			isa = PBXSourcesBuildPhase;
			buildActionMask = 2147483647;
			files = (
				B11EAB282B9BA95900EFA687 /* faluzbanckiosTests.swift in Sources */,
			);
			runOnlyForDeploymentPostprocessing = 0;
		};
		B11EAB292B9BA95900EFA687 /* Sources */ = {
			isa = PBXSourcesBuildPhase;
			buildActionMask = 2147483647;
			files = (
				B11EAB322B9BA95900EFA687 /* faluzbanckiosUITests.swift in Sources */,
				B11EAB342B9BA95900EFA687 /* faluzbanckiosUITestsLaunchTests.swift in Sources */,
			);
			runOnlyForDeploymentPostprocessing = 0;
		};
/* End PBXSourcesBuildPhase section */

/* Begin PBXTargetDependency section */
		B11EAB252B9BA95900EFA687 /* PBXTargetDependency */ = {
			isa = PBXTargetDependency;
			target = B11EAB122B9BA95500EFA687 /* faluzbanckios */;
			targetProxy = B11EAB242B9BA95900EFA687 /* PBXContainerItemProxy */;
		};
		B11EAB2F2B9BA95900EFA687 /* PBXTargetDependency */ = {
			isa = PBXTargetDependency;
			target = B11EAB122B9BA95500EFA687 /* faluzbanckios */;
			targetProxy = B11EAB2E2B9BA95900EFA687 /* PBXContainerItemProxy */;
		};
/* End PBXTargetDependency section */

/* Begin XCBuildConfiguration section */
		B11EAB352B9BA95900EFA687 /* Debug */ = {
			isa = XCBuildConfiguration;
			buildSettings = {
				ALWAYS_SEARCH_USER_PATHS = NO;
				CLANG_ANALYZER_NONNULL = YES;
				CLANG_ANALYZER_NUMBER_OBJECT_CONVERSION = YES_AGGRESSIVE;
				CLANG_CXX_LANGUAGE_STANDARD = "gnu++17";
				CLANG_ENABLE_MODULES = YES;
				CLANG_ENABLE_OBJC_ARC = YES;
				CLANG_ENABLE_OBJC_WEAK = YES;
				CLANG_WARN_BLOCK_CAPTURE_AUTORELEASING = YES;
				CLANG_WARN_BOOL_CONVERSION = YES;
				CLANG_WARN_COMMA = YES;
				CLANG_WARN_CONSTANT_CONVERSION = YES;
				CLANG_WARN_DEPRECATED_OBJC_IMPLEMENTATIONS = YES;
				CLANG_WARN_DIRECT_OBJC_ISA_USAGE = YES_ERROR;
				CLANG_WARN_DOCUMENTATION_COMMENTS = YES;
				CLANG_WARN_EMPTY_BODY = YES;
				CLANG_WARN_ENUM_CONVERSION = YES;
				CLANG_WARN_INFINITE_RECURSION = YES;
				CLANG_WARN_INT_CONVERSION = YES;
				CLANG_WARN_NON_LITERAL_NULL_CONVERSION = YES;
				CLANG_WARN_OBJC_IMPLICIT_RETAIN_SELF = YES;
				CLANG_WARN_OBJC_LITERAL_CONVERSION = YES;
				CLANG_WARN_OBJC_ROOT_CLASS = YES_ERROR;
				CLANG_WARN_QUOTED_INCLUDE_IN_FRAMEWORK_HEADER = YES;
				CLANG_WARN_RANGE_LOOP_ANALYSIS = YES;
				CLANG_WARN_STRICT_PROTOTYPES = YES;
				CLANG_WARN_SUSPICIOUS_MOVE = YES;
				CLANG_WARN_UNGUARDED_AVAILABILITY = YES_AGGRESSIVE;
				CLANG_WARN_UNREACHABLE_CODE = YES;
				CLANG_WARN__DUPLICATE_METHOD_MATCH = YES;
				COPY_PHASE_STRIP = NO;
				DEBUG_INFORMATION_FORMAT = dwarf;
				ENABLE_STRICT_OBJC_MSGSEND = YES;
				ENABLE_TESTABILITY = YES;
				GCC_C_LANGUAGE_STANDARD = gnu11;
				GCC_DYNAMIC_NO_PIC = NO;
				GCC_NO_COMMON_BLOCKS = YES;
				GCC_OPTIMIZATION_LEVEL = 0;
				GCC_PREPROCESSOR_DEFINITIONS = (
					"DEBUG=1",
					"$(inherited)",
				);
				GCC_WARN_64_TO_32_BIT_CONVERSION = YES;
				GCC_WARN_ABOUT_RETURN_TYPE = YES_ERROR;
				GCC_WARN_UNDECLARED_SELECTOR = YES;
				GCC_WARN_UNINITIALIZED_AUTOS = YES_AGGRESSIVE;
				GCC_WARN_UNUSED_FUNCTION = YES;
				GCC_WARN_UNUSED_VARIABLE = YES;
				IPHONEOS_DEPLOYMENT_TARGET = 15.5;
				MTL_ENABLE_DEBUG_INFO = INCLUDE_SOURCE;
				MTL_FAST_MATH = YES;
				ONLY_ACTIVE_ARCH = YES;
				SDKROOT = iphoneos;
				SWIFT_ACTIVE_COMPILATION_CONDITIONS = DEBUG;
				SWIFT_OPTIMIZATION_LEVEL = "-Onone";
			};
			name = Debug;
		};
		B11EAB362B9BA95900EFA687 /* Release */ = {
			isa = XCBuildConfiguration;
			buildSettings = {
				ALWAYS_SEARCH_USER_PATHS = NO;
				CLANG_ANALYZER_NONNULL = YES;
				CLANG_ANALYZER_NUMBER_OBJECT_CONVERSION = YES_AGGRESSIVE;
				CLANG_CXX_LANGUAGE_STANDARD = "gnu++17";
				CLANG_ENABLE_MODULES = YES;
				CLANG_ENABLE_OBJC_ARC = YES;
				CLANG_ENABLE_OBJC_WEAK = YES;
				CLANG_WARN_BLOCK_CAPTURE_AUTORELEASING = YES;
				CLANG_WARN_BOOL_CONVERSION = YES;
				CLANG_WARN_COMMA = YES;
				CLANG_WARN_CONSTANT_CONVERSION = YES;
				CLANG_WARN_DEPRECATED_OBJC_IMPLEMENTATIONS = YES;
				CLANG_WARN_DIRECT_OBJC_ISA_USAGE = YES_ERROR;
				CLANG_WARN_DOCUMENTATION_COMMENTS = YES;
				CLANG_WARN_EMPTY_BODY = YES;
				CLANG_WARN_ENUM_CONVERSION = YES;
				CLANG_WARN_INFINITE_RECURSION = YES;
				CLANG_WARN_INT_CONVERSION = YES;
				CLANG_WARN_NON_LITERAL_NULL_CONVERSION = YES;
				CLANG_WARN_OBJC_IMPLICIT_RETAIN_SELF = YES;
				CLANG_WARN_OBJC_LITERAL_CONVERSION = YES;
				CLANG_WARN_OBJC_ROOT_CLASS = YES_ERROR;
				CLANG_WARN_QUOTED_INCLUDE_IN_FRAMEWORK_HEADER = YES;
				CLANG_WARN_RANGE_LOOP_ANALYSIS = YES;
				CLANG_WARN_STRICT_PROTOTYPES = YES;
				CLANG_WARN_SUSPICIOUS_MOVE = YES;
				CLANG_WARN_UNGUARDED_AVAILABILITY = YES_AGGRESSIVE;
				CLANG_WARN_UNREACHABLE_CODE = YES;
				CLANG_WARN__DUPLICATE_METHOD_MATCH = YES;
				COPY_PHASE_STRIP = NO;
				DEBUG_INFORMATION_FORMAT = "dwarf-with-dsym";
				ENABLE_NS_ASSERTIONS = NO;
				ENABLE_STRICT_OBJC_MSGSEND = YES;
				GCC_C_LANGUAGE_STANDARD = gnu11;
				GCC_NO_COMMON_BLOCKS = YES;
				GCC_WARN_64_TO_32_BIT_CONVERSION = YES;
				GCC_WARN_ABOUT_RETURN_TYPE = YES_ERROR;
				GCC_WARN_UNDECLARED_SELECTOR = YES;
				GCC_WARN_UNINITIALIZED_AUTOS = YES_AGGRESSIVE;
				GCC_WARN_UNUSED_FUNCTION = YES;
				GCC_WARN_UNUSED_VARIABLE = YES;
				IPHONEOS_DEPLOYMENT_TARGET = 15.5;
				MTL_ENABLE_DEBUG_INFO = NO;
				MTL_FAST_MATH = YES;
				SDKROOT = iphoneos;
				SWIFT_COMPILATION_MODE = wholemodule;
				SWIFT_OPTIMIZATION_LEVEL = "-O";
				VALIDATE_PRODUCT = YES;
			};
			name = Release;
		};
		B11EAB382B9BA95900EFA687 /* Debug */ = {
			isa = XCBuildConfiguration;
			buildSettings = {
				ASSETCATALOG_COMPILER_APPICON_NAME = AppIcon;
				ASSETCATALOG_COMPILER_GLOBAL_ACCENT_COLOR_NAME = AccentColor;
				CODE_SIGN_STYLE = Automatic;
				CURRENT_PROJECT_VERSION = 1;
				DEVELOPMENT_ASSET_PATHS = "\"faluzbanckios/Preview Content\"";
				ENABLE_PREVIEWS = YES;
				GENERATE_INFOPLIST_FILE = YES;
				INFOPLIST_KEY_UIApplicationSceneManifest_Generation = YES;
				INFOPLIST_KEY_UIApplicationSupportsIndirectInputEvents = YES;
				INFOPLIST_KEY_UILaunchScreen_Generation = YES;
				INFOPLIST_KEY_UISupportedInterfaceOrientations_iPad = "UIInterfaceOrientationPortrait UIInterfaceOrientationPortraitUpsideDown UIInterfaceOrientationLandscapeLeft UIInterfaceOrientationLandscapeRight";
				INFOPLIST_KEY_UISupportedInterfaceOrientations_iPhone = "UIInterfaceOrientationPortrait UIInterfaceOrientationLandscapeLeft UIInterfaceOrientationLandscapeRight";
				LD_RUNPATH_SEARCH_PATHS = (
					"$(inherited)",
					"@executable_path/Frameworks",
				);
				MARKETING_VERSION = 1.0;
				PRODUCT_BUNDLE_IDENTIFIER = faluz.faluzbanckios;
				PRODUCT_NAME = "$(TARGET_NAME)";
				SWIFT_EMIT_LOC_STRINGS = YES;
				SWIFT_VERSION = 5.0;
				TARGETED_DEVICE_FAMILY = "1,2";
			};
			name = Debug;
		};
		B11EAB392B9BA95900EFA687 /* Release */ = {
			isa = XCBuildConfiguration;
			buildSettings = {
				ASSETCATALOG_COMPILER_APPICON_NAME = AppIcon;
				ASSETCATALOG_COMPILER_GLOBAL_ACCENT_COLOR_NAME = AccentColor;
				CODE_SIGN_STYLE = Automatic;
				CURRENT_PROJECT_VERSION = 1;
				DEVELOPMENT_ASSET_PATHS = "\"faluzbanckios/Preview Content\"";
				ENABLE_PREVIEWS = YES;
				GENERATE_INFOPLIST_FILE = YES;
				INFOPLIST_KEY_UIApplicationSceneManifest_Generation = YES;
				INFOPLIST_KEY_UIApplicationSupportsIndirectInputEvents = YES;
				INFOPLIST_KEY_UILaunchScreen_Generation = YES;
				INFOPLIST_KEY_UISupportedInterfaceOrientations_iPad = "UIInterfaceOrientationPortrait UIInterfaceOrientationPortraitUpsideDown UIInterfaceOrientationLandscapeLeft UIInterfaceOrientationLandscapeRight";
				INFOPLIST_KEY_UISupportedInterfaceOrientations_iPhone = "UIInterfaceOrientationPortrait UIInterfaceOrientationLandscapeLeft UIInterfaceOrientationLandscapeRight";
				LD_RUNPATH_SEARCH_PATHS = (
					"$(inherited)",
					"@executable_path/Frameworks",
				);
				MARKETING_VERSION = 1.0;
				PRODUCT_BUNDLE_IDENTIFIER = faluz.faluzbanckios;
				PRODUCT_NAME = "$(TARGET_NAME)";
				SWIFT_EMIT_LOC_STRINGS = YES;
				SWIFT_VERSION = 5.0;
				TARGETED_DEVICE_FAMILY = "1,2";
			};
			name = Release;
		};
		B11EAB3B2B9BA95900EFA687 /* Debug */ = {
			isa = XCBuildConfiguration;
			buildSettings = {
				ALWAYS_EMBED_SWIFT_STANDARD_LIBRARIES = YES;
				BUNDLE_LOADER = "$(TEST_HOST)";
				CODE_SIGN_STYLE = Automatic;
				CURRENT_PROJECT_VERSION = 1;
				GENERATE_INFOPLIST_FILE = YES;
				IPHONEOS_DEPLOYMENT_TARGET = 15.5;
				MARKETING_VERSION = 1.0;
				PRODUCT_BUNDLE_IDENTIFIER = faluz.faluzbanckiosTests;
				PRODUCT_NAME = "$(TARGET_NAME)";
				SWIFT_EMIT_LOC_STRINGS = NO;
				SWIFT_VERSION = 5.0;
				TARGETED_DEVICE_FAMILY = "1,2";
				TEST_HOST = "$(BUILT_PRODUCTS_DIR)/faluzbanckios.app/faluzbanckios";
			};
			name = Debug;
		};
		B11EAB3C2B9BA95900EFA687 /* Release */ = {
			isa = XCBuildConfiguration;
			buildSettings = {
				ALWAYS_EMBED_SWIFT_STANDARD_LIBRARIES = YES;
				BUNDLE_LOADER = "$(TEST_HOST)";
				CODE_SIGN_STYLE = Automatic;
				CURRENT_PROJECT_VERSION = 1;
				GENERATE_INFOPLIST_FILE = YES;
				IPHONEOS_DEPLOYMENT_TARGET = 15.5;
				MARKETING_VERSION = 1.0;
				PRODUCT_BUNDLE_IDENTIFIER = faluz.faluzbanckiosTests;
				PRODUCT_NAME = "$(TARGET_NAME)";
				SWIFT_EMIT_LOC_STRINGS = NO;
				SWIFT_VERSION = 5.0;
				TARGETED_DEVICE_FAMILY = "1,2";
				TEST_HOST = "$(BUILT_PRODUCTS_DIR)/faluzbanckios.app/faluzbanckios";
			};
			name = Release;
		};
		B11EAB3E2B9BA95900EFA687 /* Debug */ = {
			isa = XCBuildConfiguration;
			buildSettings = {
				ALWAYS_EMBED_SWIFT_STANDARD_LIBRARIES = YES;
				CODE_SIGN_STYLE = Automatic;
				CURRENT_PROJECT_VERSION = 1;
				GENERATE_INFOPLIST_FILE = YES;
				MARKETING_VERSION = 1.0;
				PRODUCT_BUNDLE_IDENTIFIER = faluz.faluzbanckiosUITests;
				PRODUCT_NAME = "$(TARGET_NAME)";
				SWIFT_EMIT_LOC_STRINGS = NO;
				SWIFT_VERSION = 5.0;
				TARGETED_DEVICE_FAMILY = "1,2";
				TEST_TARGET_NAME = faluzbanckios;
			};
			name = Debug;
		};
		B11EAB3F2B9BA95900EFA687 /* Release */ = {
			isa = XCBuildConfiguration;
			buildSettings = {
				ALWAYS_EMBED_SWIFT_STANDARD_LIBRARIES = YES;
				CODE_SIGN_STYLE = Automatic;
				CURRENT_PROJECT_VERSION = 1;
				GENERATE_INFOPLIST_FILE = YES;
				MARKETING_VERSION = 1.0;
				PRODUCT_BUNDLE_IDENTIFIER = faluz.faluzbanckiosUITests;
				PRODUCT_NAME = "$(TARGET_NAME)";
				SWIFT_EMIT_LOC_STRINGS = NO;
				SWIFT_VERSION = 5.0;
				TARGETED_DEVICE_FAMILY = "1,2";
				TEST_TARGET_NAME = faluzbanckios;
			};
			name = Release;
		};
/* End XCBuildConfiguration section */

/* Begin XCConfigurationList section */
		B11EAB0E2B9BA95500EFA687 /* Build configuration list for PBXProject "faluzbanckios" */ = {
			isa = XCConfigurationList;
			buildConfigurations = (
				B11EAB352B9BA95900EFA687 /* Debug */,
				B11EAB362B9BA95900EFA687 /* Release */,
			);
			defaultConfigurationIsVisible = 0;
			defaultConfigurationName = Release;
		};
		B11EAB372B9BA95900EFA687 /* Build configuration list for PBXNativeTarget "faluzbanckios" */ = {
			isa = XCConfigurationList;
			buildConfigurations = (
				B11EAB382B9BA95900EFA687 /* Debug */,
				B11EAB392B9BA95900EFA687 /* Release */,
			);
			defaultConfigurationIsVisible = 0;
			defaultConfigurationName = Release;
		};
		B11EAB3A2B9BA95900EFA687 /* Build configuration list for PBXNativeTarget "faluzbanckiosTests" */ = {
			isa = XCConfigurationList;
			buildConfigurations = (
				B11EAB3B2B9BA95900EFA687 /* Debug */,
				B11EAB3C2B9BA95900EFA687 /* Release */,
			);
			defaultConfigurationIsVisible = 0;
			defaultConfigurationName = Release;
		};
		B11EAB3D2B9BA95900EFA687 /* Build configuration list for PBXNativeTarget "faluzbanckiosUITests" */ = {
			isa = XCConfigurationList;
			buildConfigurations = (
				B11EAB3E2B9BA95900EFA687 /* Debug */,
				B11EAB3F2B9BA95900EFA687 /* Release */,
			);
			defaultConfigurationIsVisible = 0;
			defaultConfigurationName = Release;
		};
/* End XCConfigurationList section */
	};
	rootObject = B11EAB0B2B9BA95500EFA687 /* Project object */;
}
